{
  "name": "chillbox",
  "version": "1.0.0",
  "lockfileVersion": 1,
  "requires": true,
  "dependencies": {
    "node-fetch": {
      "version": "2.6.1",
      "resolved": "https://registry.npmjs.org/node-fetch/-/node-fetch-2.6.1.tgz",
      "integrity": "sha512-V4aYg89jEoVRxRb2fJdAg8FHvI7cEyYdVAh94HH0UIK8oJxUfkjlDQN9RbMx+bEjP7+ggMiFRprSti032Oipxw=="
    },
    "popcorn-api": {
      "version": "1.1.1",
      "resolved": "https://registry.npmjs.org/popcorn-api/-/popcorn-api-1.1.1.tgz",
      "integrity": "sha512-nZ4hrAxWUcNZz4R1R+vu8YA0XjuBfWmV1oOMrOhZdSDV9s2bnNywSih3vgvrw4r/s3hSvNOiK2CrVzZ6eZZNow==",
      "requires": {
        "node-fetch": "^2.2.0"
      }
    }
  }
}
